
Microsoft Visual Studio Solution File, Format Version 12.00
Project("{FAE04EC0-301F-11D3-BF4B-00C04F79EFBC}") = "Decorator", "Decorator\Decorator.csproj", "{CE5E9023-5BB4-4508-AB6E-AB082D8C9D1D}"
EndProject
Global
	GlobalSection(SolutionConfigurationPlatforms) = preSolution
		Debug|Any CPU = Debug|Any CPU
		Release|Any CPU = Release|Any CPU
	EndGlobalSection
	GlobalSection(ProjectConfigurationPlatforms) = postSolution
		{CE5E9023-5BB4-4508-AB6E-AB082D8C9D1D}.Debug|Any CPU.ActiveCfg = Debug|Any CPU
		{CE5E9023-5BB4-4508-AB6E-AB082D8C9D1D}.Debug|Any CPU.Build.0 = Debug|Any CPU
		{CE5E9023-5BB4-4508-AB6E-AB082D8C9D1D}.Release|Any CPU.ActiveCfg = Release|Any CPU
		{CE5E9023-5BB4-4508-AB6E-AB082D8C9D1D}.Release|Any CPU.Build.0 = Release|Any CPU
	EndGlobalSection
EndGlobal
